
Microsoft Visual Studio Solution File, Format Version 12.00
# Visual Studio Version 17
VisualStudioVersion = 17.14.36327.8
MinimumVisualStudioVersion = 10.0.40219.1
Project("{FAE04EC0-301F-11D3-BF4B-00C04F79EFBC}") = "SmartGarden.App", "SmartGarden.App\SmartGarden.App.csproj", "{E7C11963-9A9B-44C6-A967-BA5AC1348E1C}"
EndProject
Project("{FAE04EC0-301F-11D3-BF4B-00C04F79EFBC}") = "SmartGarden.API", "SmartGarden.API\SmartGarden.API.csproj", "{81EE7BB8-3915-4B3D-B4E1-43EFC065DF28}"
EndProject
Project("{FAE04EC0-301F-11D3-BF4B-00C04F79EFBC}") = "SmartGarden.Core", "SmartGarden.Core\SmartGarden.Core.csproj", "{732D3C9E-004C-487C-8959-F996352CFA9D}"
EndProject
Project("{FAE04EC0-301F-11D3-BF4B-00C04F79EFBC}") = "SmartGarden.Data", "SmartGarden.Data\SmartGarden.Data.csproj", "{A8D8351E-7E19-495E-9D11-275377455E63}"
EndProject
Global
	GlobalSection(SolutionConfigurationPlatforms) = preSolution
		Debug|Any CPU = Debug|Any CPU
		Release|Any CPU = Release|Any CPU
	EndGlobalSection
	GlobalSection(ProjectConfigurationPlatforms) = postSolution
		{E7C11963-9A9B-44C6-A967-BA5AC1348E1C}.Debug|Any CPU.ActiveCfg = Debug|Any CPU
		{E7C11963-9A9B-44C6-A967-BA5AC1348E1C}.Debug|Any CPU.Build.0 = Debug|Any CPU
		{E7C11963-9A9B-44C6-A967-BA5AC1348E1C}.Release|Any CPU.ActiveCfg = Release|Any CPU
		{E7C11963-9A9B-44C6-A967-BA5AC1348E1C}.Release|Any CPU.Build.0 = Release|Any CPU
		{81EE7BB8-3915-4B3D-B4E1-43EFC065DF28}.Debug|Any CPU.ActiveCfg = Debug|Any CPU
		{81EE7BB8-3915-4B3D-B4E1-43EFC065DF28}.Debug|Any CPU.Build.0 = Debug|Any CPU
		{81EE7BB8-3915-4B3D-B4E1-43EFC065DF28}.Release|Any CPU.ActiveCfg = Release|Any CPU
		{81EE7BB8-3915-4B3D-B4E1-43EFC065DF28}.Release|Any CPU.Build.0 = Release|Any CPU
		{732D3C9E-004C-487C-8959-F996352CFA9D}.Debug|Any CPU.ActiveCfg = Debug|Any CPU
		{732D3C9E-004C-487C-8959-F996352CFA9D}.Debug|Any CPU.Build.0 = Debug|Any CPU
		{732D3C9E-004C-487C-8959-F996352CFA9D}.Release|Any CPU.ActiveCfg = Release|Any CPU
		{732D3C9E-004C-487C-8959-F996352CFA9D}.Release|Any CPU.Build.0 = Release|Any CPU
		{A8D8351E-7E19-495E-9D11-275377455E63}.Debug|Any CPU.ActiveCfg = Debug|Any CPU
		{A8D8351E-7E19-495E-9D11-275377455E63}.Debug|Any CPU.Build.0 = Debug|Any CPU
		{A8D8351E-7E19-495E-9D11-275377455E63}.Release|Any CPU.ActiveCfg = Release|Any CPU
		{A8D8351E-7E19-495E-9D11-275377455E63}.Release|Any CPU.Build.0 = Release|Any CPU
	EndGlobalSection
	GlobalSection(SolutionProperties) = preSolution
		HideSolutionNode = FALSE
	EndGlobalSection
	GlobalSection(ExtensibilityGlobals) = postSolution
		SolutionGuid = {7AC1C207-91AC-46AF-92BF-6D2046EFD9F2}
	EndGlobalSection
EndGlobal
